
Microsoft Visual Studio Solution File, Format Version 12.00
# Visual Studio Version 16
VisualStudioVersion = 16.0.30907.101
MinimumVisualStudioVersion = 10.0.40219.1
Project("{FAE04EC0-301F-11D3-BF4B-00C04F79EFBC}") = "ShowScheduler", "ShowScheduler.csproj", "{98AD013B-9BDD-4D4A-A20B-C5CBBF889BDC}"
EndProject
Global
	GlobalSection(SolutionConfigurationPlatforms) = preSolution
		Debug|Any CPU = Debug|Any CPU
		Release|Any CPU = Release|Any CPU
	EndGlobalSection
	GlobalSection(ProjectConfigurationPlatforms) = postSolution
		{98AD013B-9BDD-4D4A-A20B-C5CBBF889BDC}.Debug|Any CPU.ActiveCfg = Debug|Any CPU
		{98AD013B-9BDD-4D4A-A20B-C5CBBF889BDC}.Debug|Any CPU.Build.0 = Debug|Any CPU
		{98AD013B-9BDD-4D4A-A20B-C5CBBF889BDC}.Release|Any CPU.ActiveCfg = Release|Any CPU
		{98AD013B-9BDD-4D4A-A20B-C5CBBF889BDC}.Release|Any CPU.Build.0 = Release|Any CPU
	EndGlobalSection
	GlobalSection(SolutionProperties) = preSolution
		HideSolutionNode = FALSE
	EndGlobalSection
	GlobalSection(ExtensibilityGlobals) = postSolution
		SolutionGuid = {A65BB0C7-9B46-4AB9-A8D3-78B4AE5D1D14}
	EndGlobalSection
EndGlobal
